
Microsoft Visual Studio Solution File, Format Version 12.00
# Visual Studio 14
VisualStudioVersion = 14.0.23107.0
MinimumVisualStudioVersion = 10.0.40219.1
Project("{FAE04EC0-301F-11D3-BF4B-00C04F79EFBC}") = "ModelLayer", "DataLayer\ModelLayer.csproj", "{B81CAFEB-9678-4370-9102-9F0D2B83B201}"
EndProject
Project("{FAE04EC0-301F-11D3-BF4B-00C04F79EFBC}") = "WindowsFormsClient", "WindowsFormsClient\WindowsFormsClient.csproj", "{CC54DF3F-B3F2-4125-874D-E0DC4C6A374D}"
EndProject
Project("{FAE04EC0-301F-11D3-BF4B-00C04F79EFBC}") = "DatabaseLayer", "PersistenceLayer\DatabaseLayer.csproj", "{18EA2999-5BEC-4013-9F34-6A173B3D5DB6}"
EndProject
Project("{FAE04EC0-301F-11D3-BF4B-00C04F79EFBC}") = "ControlLayer", "LogicLayer\ControlLayer.csproj", "{0A2ED242-82F0-41EF-A586-D451E5A06B06}"
EndProject
Project("{FAE04EC0-301F-11D3-BF4B-00C04F79EFBC}") = "ServiceLayer", "ServiceLayer\ServiceLayer.csproj", "{B1D5FD72-FB90-4503-ADFE-03ADF3980B5D}"
EndProject
Project("{FAE04EC0-301F-11D3-BF4B-00C04F79EFBC}") = "Test", "Test\Test.csproj", "{AD9945D3-9823-48FF-A8C9-FC8D6952186E}"
EndProject
Global
	GlobalSection(SolutionConfigurationPlatforms) = preSolution
		Debug|Any CPU = Debug|Any CPU
		Release|Any CPU = Release|Any CPU
	EndGlobalSection
	GlobalSection(ProjectConfigurationPlatforms) = postSolution
		{B81CAFEB-9678-4370-9102-9F0D2B83B201}.Debug|Any CPU.ActiveCfg = Debug|Any CPU
		{B81CAFEB-9678-4370-9102-9F0D2B83B201}.Debug|Any CPU.Build.0 = Debug|Any CPU
		{B81CAFEB-9678-4370-9102-9F0D2B83B201}.Release|Any CPU.ActiveCfg = Release|Any CPU
		{B81CAFEB-9678-4370-9102-9F0D2B83B201}.Release|Any CPU.Build.0 = Release|Any CPU
		{CC54DF3F-B3F2-4125-874D-E0DC4C6A374D}.Debug|Any CPU.ActiveCfg = Debug|Any CPU
		{CC54DF3F-B3F2-4125-874D-E0DC4C6A374D}.Debug|Any CPU.Build.0 = Debug|Any CPU
		{CC54DF3F-B3F2-4125-874D-E0DC4C6A374D}.Release|Any CPU.ActiveCfg = Release|Any CPU
		{CC54DF3F-B3F2-4125-874D-E0DC4C6A374D}.Release|Any CPU.Build.0 = Release|Any CPU
		{18EA2999-5BEC-4013-9F34-6A173B3D5DB6}.Debug|Any CPU.ActiveCfg = Debug|Any CPU
		{18EA2999-5BEC-4013-9F34-6A173B3D5DB6}.Debug|Any CPU.Build.0 = Debug|Any CPU
		{18EA2999-5BEC-4013-9F34-6A173B3D5DB6}.Release|Any CPU.ActiveCfg = Release|Any CPU
		{18EA2999-5BEC-4013-9F34-6A173B3D5DB6}.Release|Any CPU.Build.0 = Release|Any CPU
		{0A2ED242-82F0-41EF-A586-D451E5A06B06}.Debug|Any CPU.ActiveCfg = Debug|Any CPU
		{0A2ED242-82F0-41EF-A586-D451E5A06B06}.Debug|Any CPU.Build.0 = Debug|Any CPU
		{0A2ED242-82F0-41EF-A586-D451E5A06B06}.Release|Any CPU.ActiveCfg = Release|Any CPU
		{0A2ED242-82F0-41EF-A586-D451E5A06B06}.Release|Any CPU.Build.0 = Release|Any CPU
		{B1D5FD72-FB90-4503-ADFE-03ADF3980B5D}.Debug|Any CPU.ActiveCfg = Debug|Any CPU
		{B1D5FD72-FB90-4503-ADFE-03ADF3980B5D}.Debug|Any CPU.Build.0 = Debug|Any CPU
		{B1D5FD72-FB90-4503-ADFE-03ADF3980B5D}.Release|Any CPU.ActiveCfg = Release|Any CPU
		{B1D5FD72-FB90-4503-ADFE-03ADF3980B5D}.Release|Any CPU.Build.0 = Release|Any CPU
		{AD9945D3-9823-48FF-A8C9-FC8D6952186E}.Debug|Any CPU.ActiveCfg = Debug|Any CPU
		{AD9945D3-9823-48FF-A8C9-FC8D6952186E}.Debug|Any CPU.Build.0 = Debug|Any CPU
		{AD9945D3-9823-48FF-A8C9-FC8D6952186E}.Release|Any CPU.ActiveCfg = Release|Any CPU
		{AD9945D3-9823-48FF-A8C9-FC8D6952186E}.Release|Any CPU.Build.0 = Release|Any CPU
	EndGlobalSection
	GlobalSection(SolutionProperties) = preSolution
		HideSolutionNode = FALSE
	EndGlobalSection
EndGlobal
