
Microsoft Visual Studio Solution File, Format Version 12.00
# Visual Studio 14
VisualStudioVersion = 14.0.23107.0
MinimumVisualStudioVersion = 10.0.40219.1
Project("{FAE04EC0-301F-11D3-BF4B-00C04F79EFBC}") = "DataLayer", "DataLayer\DataLayer.csproj", "{B81CAFEB-9678-4370-9102-9F0D2B83B201}"
EndProject
Project("{FAE04EC0-301F-11D3-BF4B-00C04F79EFBC}") = "WindowsFormsClient", "WindowsFormsClient\WindowsFormsClient.csproj", "{CC54DF3F-B3F2-4125-874D-E0DC4C6A374D}"
EndProject
Project("{FAE04EC0-301F-11D3-BF4B-00C04F79EFBC}") = "PersistenceLayer", "PersistenceLayer\PersistenceLayer.csproj", "{18EA2999-5BEC-4013-9F34-6A173B3D5DB6}"
EndProject
Global
	GlobalSection(SolutionConfigurationPlatforms) = preSolution
		Debug|Any CPU = Debug|Any CPU
		Release|Any CPU = Release|Any CPU
	EndGlobalSection
	GlobalSection(ProjectConfigurationPlatforms) = postSolution
		{B81CAFEB-9678-4370-9102-9F0D2B83B201}.Debug|Any CPU.ActiveCfg = Debug|Any CPU
		{B81CAFEB-9678-4370-9102-9F0D2B83B201}.Debug|Any CPU.Build.0 = Debug|Any CPU
		{B81CAFEB-9678-4370-9102-9F0D2B83B201}.Release|Any CPU.ActiveCfg = Release|Any CPU
		{B81CAFEB-9678-4370-9102-9F0D2B83B201}.Release|Any CPU.Build.0 = Release|Any CPU
		{CC54DF3F-B3F2-4125-874D-E0DC4C6A374D}.Debug|Any CPU.ActiveCfg = Debug|Any CPU
		{CC54DF3F-B3F2-4125-874D-E0DC4C6A374D}.Debug|Any CPU.Build.0 = Debug|Any CPU
		{CC54DF3F-B3F2-4125-874D-E0DC4C6A374D}.Release|Any CPU.ActiveCfg = Release|Any CPU
		{CC54DF3F-B3F2-4125-874D-E0DC4C6A374D}.Release|Any CPU.Build.0 = Release|Any CPU
		{18EA2999-5BEC-4013-9F34-6A173B3D5DB6}.Debug|Any CPU.ActiveCfg = Debug|Any CPU
		{18EA2999-5BEC-4013-9F34-6A173B3D5DB6}.Debug|Any CPU.Build.0 = Debug|Any CPU
		{18EA2999-5BEC-4013-9F34-6A173B3D5DB6}.Release|Any CPU.ActiveCfg = Release|Any CPU
		{18EA2999-5BEC-4013-9F34-6A173B3D5DB6}.Release|Any CPU.Build.0 = Release|Any CPU
	EndGlobalSection
	GlobalSection(SolutionProperties) = preSolution
		HideSolutionNode = FALSE
	EndGlobalSection
EndGlobal
