
Microsoft Visual Studio Solution File, Format Version 12.00
# Visual Studio 14
VisualStudioVersion = 14.0.23107.0
MinimumVisualStudioVersion = 10.0.40219.1
Project("{FAE04EC0-301F-11D3-BF4B-00C04F79EFBC}") = "WindowsFormsClient", "WindowsFormsClient\WindowsFormsClient.csproj", "{CC54DF3F-B3F2-4125-874D-E0DC4C6A374D}"
	ProjectSection(ProjectDependencies) = postProject
		{B1D5FD72-FB90-4503-ADFE-03ADF3980B5D} = {B1D5FD72-FB90-4503-ADFE-03ADF3980B5D}
	EndProjectSection
EndProject
Project("{FAE04EC0-301F-11D3-BF4B-00C04F79EFBC}") = "DataLayer", "DataLayer\DataLayer.csproj", "{B81CAFEB-9678-4370-9102-9F0D2B83B201}"
EndProject
Project("{FAE04EC0-301F-11D3-BF4B-00C04F79EFBC}") = "LogicLayer", "LogicLayer\LogicLayer.csproj", "{0A2ED242-82F0-41EF-A586-D451E5A06B06}"
EndProject
Project("{FAE04EC0-301F-11D3-BF4B-00C04F79EFBC}") = "PersistenceLayer", "PersistenceLayer\PersistenceLayer.csproj", "{18EA2999-5BEC-4013-9F34-6A173B3D5DB6}"
EndProject
Project("{FAE04EC0-301F-11D3-BF4B-00C04F79EFBC}") = "ServiceLayer", "ServiceLayer\ServiceLayer.csproj", "{B1D5FD72-FB90-4503-ADFE-03ADF3980B5D}"
EndProject
Project("{FAE04EC0-301F-11D3-BF4B-00C04F79EFBC}") = "WebApplication2", "WebApplication2\WebApplication2.csproj", "{E1F5F93E-E836-43EA-9016-CB39050B214B}"
	ProjectSection(ProjectDependencies) = postProject
		{B1D5FD72-FB90-4503-ADFE-03ADF3980B5D} = {B1D5FD72-FB90-4503-ADFE-03ADF3980B5D}
	EndProjectSection
EndProject
Project("{FAE04EC0-301F-11D3-BF4B-00C04F79EFBC}") = "WebApplication2.Tests", "WebApplication2.Tests\WebApplication2.Tests.csproj", "{5AE086A5-2425-4180-835A-D6D364A8E2B2}"
EndProject
Project("{FAE04EC0-301F-11D3-BF4B-00C04F79EFBC}") = "PersistenceLayerTests", "PersistenceLayerTests\PersistenceLayerTests.csproj", "{304E576D-F19C-40B6-A908-0513FC915526}"
EndProject
Global
	GlobalSection(SolutionConfigurationPlatforms) = preSolution
		Debug|Any CPU = Debug|Any CPU
		Release|Any CPU = Release|Any CPU
	EndGlobalSection
	GlobalSection(ProjectConfigurationPlatforms) = postSolution
		{CC54DF3F-B3F2-4125-874D-E0DC4C6A374D}.Debug|Any CPU.ActiveCfg = Debug|Any CPU
		{CC54DF3F-B3F2-4125-874D-E0DC4C6A374D}.Debug|Any CPU.Build.0 = Debug|Any CPU
		{CC54DF3F-B3F2-4125-874D-E0DC4C6A374D}.Release|Any CPU.ActiveCfg = Release|Any CPU
		{CC54DF3F-B3F2-4125-874D-E0DC4C6A374D}.Release|Any CPU.Build.0 = Release|Any CPU
		{B81CAFEB-9678-4370-9102-9F0D2B83B201}.Debug|Any CPU.ActiveCfg = Debug|Any CPU
		{B81CAFEB-9678-4370-9102-9F0D2B83B201}.Debug|Any CPU.Build.0 = Debug|Any CPU
		{B81CAFEB-9678-4370-9102-9F0D2B83B201}.Release|Any CPU.ActiveCfg = Release|Any CPU
		{B81CAFEB-9678-4370-9102-9F0D2B83B201}.Release|Any CPU.Build.0 = Release|Any CPU
		{0A2ED242-82F0-41EF-A586-D451E5A06B06}.Debug|Any CPU.ActiveCfg = Debug|Any CPU
		{0A2ED242-82F0-41EF-A586-D451E5A06B06}.Debug|Any CPU.Build.0 = Debug|Any CPU
		{0A2ED242-82F0-41EF-A586-D451E5A06B06}.Release|Any CPU.ActiveCfg = Release|Any CPU
		{0A2ED242-82F0-41EF-A586-D451E5A06B06}.Release|Any CPU.Build.0 = Release|Any CPU
		{18EA2999-5BEC-4013-9F34-6A173B3D5DB6}.Debug|Any CPU.ActiveCfg = Debug|Any CPU
		{18EA2999-5BEC-4013-9F34-6A173B3D5DB6}.Debug|Any CPU.Build.0 = Debug|Any CPU
		{18EA2999-5BEC-4013-9F34-6A173B3D5DB6}.Release|Any CPU.ActiveCfg = Release|Any CPU
		{18EA2999-5BEC-4013-9F34-6A173B3D5DB6}.Release|Any CPU.Build.0 = Release|Any CPU
		{B1D5FD72-FB90-4503-ADFE-03ADF3980B5D}.Debug|Any CPU.ActiveCfg = Debug|Any CPU
		{B1D5FD72-FB90-4503-ADFE-03ADF3980B5D}.Debug|Any CPU.Build.0 = Debug|Any CPU
		{B1D5FD72-FB90-4503-ADFE-03ADF3980B5D}.Release|Any CPU.ActiveCfg = Release|Any CPU
		{B1D5FD72-FB90-4503-ADFE-03ADF3980B5D}.Release|Any CPU.Build.0 = Release|Any CPU
		{E1F5F93E-E836-43EA-9016-CB39050B214B}.Debug|Any CPU.ActiveCfg = Debug|Any CPU
		{E1F5F93E-E836-43EA-9016-CB39050B214B}.Debug|Any CPU.Build.0 = Debug|Any CPU
		{E1F5F93E-E836-43EA-9016-CB39050B214B}.Release|Any CPU.ActiveCfg = Release|Any CPU
		{E1F5F93E-E836-43EA-9016-CB39050B214B}.Release|Any CPU.Build.0 = Release|Any CPU
		{5AE086A5-2425-4180-835A-D6D364A8E2B2}.Debug|Any CPU.ActiveCfg = Debug|Any CPU
		{5AE086A5-2425-4180-835A-D6D364A8E2B2}.Debug|Any CPU.Build.0 = Debug|Any CPU
		{5AE086A5-2425-4180-835A-D6D364A8E2B2}.Release|Any CPU.ActiveCfg = Release|Any CPU
		{5AE086A5-2425-4180-835A-D6D364A8E2B2}.Release|Any CPU.Build.0 = Release|Any CPU
		{304E576D-F19C-40B6-A908-0513FC915526}.Debug|Any CPU.ActiveCfg = Debug|Any CPU
		{304E576D-F19C-40B6-A908-0513FC915526}.Debug|Any CPU.Build.0 = Debug|Any CPU
		{304E576D-F19C-40B6-A908-0513FC915526}.Release|Any CPU.ActiveCfg = Release|Any CPU
		{304E576D-F19C-40B6-A908-0513FC915526}.Release|Any CPU.Build.0 = Release|Any CPU
	EndGlobalSection
	GlobalSection(SolutionProperties) = preSolution
		HideSolutionNode = FALSE
	EndGlobalSection
EndGlobal
